{
    "_readme": [
        "This file locks the dependencies of your project to a known state",
        "Read more about it at https://getcomposer.org/doc/01-basic-usage.md#installing-dependencies",
        "This file is @generated automatically"
    ],
    "content-hash": "664283d737ec510a11e681531450c46b",
    "packages": [
        {
            "name": "lorenzo/pinky",
            "version": "1.0.7",
            "source": {
                "type": "git",
                "url": "https://github.com/lorenzo/pinky.git",
                "reference": "60afc9f8c2b8fb6a2f77050b485ce93143dd8dcf"
            },
            "dist": {
                "type": "zip",
                "url": "https://api.github.com/repos/lorenzo/pinky/zipball/60afc9f8c2b8fb6a2f77050b485ce93143dd8dcf",
                "reference": "60afc9f8c2b8fb6a2f77050b485ce93143dd8dcf",
                "shasum": ""
            },
            "require": {
                "ext-dom": "*",
                "ext-libxml": "*",
                "ext-xsl": "*",
                "php": ">=5.6.0"
            },
            "require-dev": {
                "phpunit/phpunit": "^5.7.27 || ^6.5.14 || ^7.5.20 || ^8.5.21 || ^9.5.10"
            },
            "type": "library",
            "autoload": {
                "files": [
                    "src/pinky.php"
                ]
            },
            "notification-url": "https://packagist.org/downloads/",
            "license": [
                "MIT"
            ],
            "authors": [
                {
                    "name": "Jose Lorenzo Rodriguez",
                    "email": "jose.zap@gmail.com"
                }
            ],
            "description": "A Foundation for Emails (Inky) template transpiler",
            "keywords": [
                "email",
                "foundation",
                "inky",
                "template",
                "zurb"
            ],
            "support": {
                "issues": "https://github.com/lorenzo/pinky/issues",
                "source": "https://github.com/lorenzo/pinky/tree/1.0.7"
            },
            "time": "2022-10-02T12:15:42+00:00"
        }
    ],
    "packages-dev": [],
    "aliases": [],
    "minimum-stability": "stable",
    "stability-flags": [],
    "prefer-stable": false,
    "prefer-lowest": false,
    "platform": [],
    "platform-dev": [],
    "plugin-api-version": "2.3.0"
}
