{
    "_readme": [
        "This file locks the dependencies of your project to a known state",
        "Read more about it at https://getcomposer.org/doc/01-basic-usage.md#installing-dependencies",
        "This file is @generated automatically"
    ],
    "content-hash": "bebb4f5075dc028c60e31563328c59cf",
    "packages": [
        {
            "name": "lorenzo/pinky",
            "version": "1.1.0",
            "source": {
                "type": "git",
                "url": "https://github.com/lorenzo/pinky.git",
                "reference": "e1b1bdb2c132b8a7ba32bca64d2443f646ddbd17"
            },
            "dist": {
                "type": "zip",
                "url": "https://api.github.com/repos/lorenzo/pinky/zipball/e1b1bdb2c132b8a7ba32bca64d2443f646ddbd17",
                "reference": "e1b1bdb2c132b8a7ba32bca64d2443f646ddbd17",
                "shasum": ""
            },
            "require": {
                "ext-dom": "*",
                "ext-libxml": "*",
                "ext-xsl": "*",
                "php": ">=5.6.0"
            },
            "require-dev": {
                "phpunit/phpunit": "^5.7.27 || ^6.5.14 || ^7.5.20 || ^8.5.21 || ^9.5.10"
            },
            "type": "library",
            "autoload": {
                "files": [
                    "src/pinky.php"
                ]
            },
            "notification-url": "https://packagist.org/downloads/",
            "license": [
                "MIT"
            ],
            "authors": [
                {
                    "name": "Jose Lorenzo Rodriguez",
                    "email": "jose.zap@gmail.com"
                }
            ],
            "description": "A Foundation for Emails (Inky) template transpiler",
            "keywords": [
                "email",
                "foundation",
                "inky",
                "template",
                "zurb"
            ],
            "support": {
                "issues": "https://github.com/lorenzo/pinky/issues",
                "source": "https://github.com/lorenzo/pinky/tree/1.1.0"
            },
            "time": "2023-07-31T13:36:50+00:00"
        }
    ],
    "packages-dev": [],
    "aliases": [],
    "minimum-stability": "stable",
    "stability-flags": [],
    "prefer-stable": false,
    "prefer-lowest": false,
    "platform": [],
    "platform-dev": [],
    "plugin-api-version": "2.6.0"
}
